
Microsoft Visual Studio Solution File, Format Version 12.00
# Visual Studio 2015
Project("{FAE04EC0-301F-11D3-BF4B-00C04F79EFBC}") = "CS114 Final.Plugins", "CS114 Final.Plugins.csproj", "{7F6A0F4D-2EC0-BDAC-902B-33D1C70BA8E8}"
EndProject
Project("{FAE04EC0-301F-11D3-BF4B-00C04F79EFBC}") = "CS114 Final", "CS114 Final.csproj", "{ED2C2A0D-812D-A00B-2983-EC4534F9E997}"
EndProject
Project("{FAE04EC0-301F-11D3-BF4B-00C04F79EFBC}") = "CS114 Final.Editor.Plugins", "CS114 Final.Editor.Plugins.csproj", "{3E7370EC-D0C2-D89D-094E-E821A17B7161}"
EndProject
Project("{FAE04EC0-301F-11D3-BF4B-00C04F79EFBC}") = "CS114 Final.Editor", "CS114 Final.Editor.csproj", "{35651811-34F4-2262-57F3-DEBBDB3AF454}"
EndProject
Global
	GlobalSection(SolutionConfigurationPlatforms) = preSolution
		Debug|Any CPU = Debug|Any CPU
		Release|Any CPU = Release|Any CPU
	EndGlobalSection
	GlobalSection(ProjectConfigurationPlatforms) = postSolution
		{7F6A0F4D-2EC0-BDAC-902B-33D1C70BA8E8}.Debug|Any CPU.ActiveCfg = Debug|Any CPU
		{7F6A0F4D-2EC0-BDAC-902B-33D1C70BA8E8}.Debug|Any CPU.Build.0 = Debug|Any CPU
		{7F6A0F4D-2EC0-BDAC-902B-33D1C70BA8E8}.Release|Any CPU.ActiveCfg = Release|Any CPU
		{7F6A0F4D-2EC0-BDAC-902B-33D1C70BA8E8}.Release|Any CPU.Build.0 = Release|Any CPU
		{ED2C2A0D-812D-A00B-2983-EC4534F9E997}.Debug|Any CPU.ActiveCfg = Debug|Any CPU
		{ED2C2A0D-812D-A00B-2983-EC4534F9E997}.Debug|Any CPU.Build.0 = Debug|Any CPU
		{ED2C2A0D-812D-A00B-2983-EC4534F9E997}.Release|Any CPU.ActiveCfg = Release|Any CPU
		{ED2C2A0D-812D-A00B-2983-EC4534F9E997}.Release|Any CPU.Build.0 = Release|Any CPU
		{3E7370EC-D0C2-D89D-094E-E821A17B7161}.Debug|Any CPU.ActiveCfg = Debug|Any CPU
		{3E7370EC-D0C2-D89D-094E-E821A17B7161}.Debug|Any CPU.Build.0 = Debug|Any CPU
		{3E7370EC-D0C2-D89D-094E-E821A17B7161}.Release|Any CPU.ActiveCfg = Release|Any CPU
		{3E7370EC-D0C2-D89D-094E-E821A17B7161}.Release|Any CPU.Build.0 = Release|Any CPU
		{35651811-34F4-2262-57F3-DEBBDB3AF454}.Debug|Any CPU.ActiveCfg = Debug|Any CPU
		{35651811-34F4-2262-57F3-DEBBDB3AF454}.Debug|Any CPU.Build.0 = Debug|Any CPU
		{35651811-34F4-2262-57F3-DEBBDB3AF454}.Release|Any CPU.ActiveCfg = Release|Any CPU
		{35651811-34F4-2262-57F3-DEBBDB3AF454}.Release|Any CPU.Build.0 = Release|Any CPU
	EndGlobalSection
	GlobalSection(SolutionProperties) = preSolution
		HideSolutionNode = FALSE
	EndGlobalSection
EndGlobal
